
Microsoft Visual Studio Solution File, Format Version 12.00
# Visual Studio Version 17
VisualStudioVersion = 17.1.32328.378
MinimumVisualStudioVersion = 10.0.40219.1
Project("{FAE04EC0-301F-11D3-BF4B-00C04F79EFBC}") = "printSmart", "printSmart.csproj", "{8D0F4EEB-AFD2-4AF2-A5A8-B08A1299EEA5}"
EndProject
Global
	GlobalSection(SolutionConfigurationPlatforms) = preSolution
		Debug|Any CPU = Debug|Any CPU
		Release|Any CPU = Release|Any CPU
	EndGlobalSection
	GlobalSection(ProjectConfigurationPlatforms) = postSolution
		{8D0F4EEB-AFD2-4AF2-A5A8-B08A1299EEA5}.Debug|Any CPU.ActiveCfg = Debug|Any CPU
		{8D0F4EEB-AFD2-4AF2-A5A8-B08A1299EEA5}.Debug|Any CPU.Build.0 = Debug|Any CPU
		{8D0F4EEB-AFD2-4AF2-A5A8-B08A1299EEA5}.Release|Any CPU.ActiveCfg = Release|Any CPU
		{8D0F4EEB-AFD2-4AF2-A5A8-B08A1299EEA5}.Release|Any CPU.Build.0 = Release|Any CPU
	EndGlobalSection
	GlobalSection(SolutionProperties) = preSolution
		HideSolutionNode = FALSE
	EndGlobalSection
	GlobalSection(ExtensibilityGlobals) = postSolution
		SolutionGuid = {346A98ED-982B-46D3-9394-94A716003749}
	EndGlobalSection
EndGlobal
